DEPENDENCIES
  database (= 3.1.0)
  ecomdev_common
    git: git://github.com/EcomDev/chef-ecomdev_common.git
    revision: e1a6dd7b5c4948e41d28b5f3bd23fe0983f4076a
    branch: master
  git
  magento
    git: git://github.com/EcomDev/chef-magento.git
    revision: be17e0ebc496cad44ea5ea18a0c0980cbf115721
    branch: master
  magento_varnish
    git: git://github.com/EcomDev/chef-magento_varnish.git
    revision: be8b9cdfdf70d04ac5e3fe869f77745710ab2e77
    branch: master
  mysql (= 5.6.1)
  php_fpm
    git: git://github.com/EcomDev/chef-php_fpm.git
    revision: 8df198da17f66ab53d9dc4fa5c4a4d378869eeb4
    branch: master
  selinux
  vhost
    git: git://github.com/EcomDev/chef-vhost.git
    revision: 72c66c9176bebb79d5621dce50dae7a1478a50a4
    branch: master

GRAPH
  apt (2.6.1)
  bluepill (2.3.1)
    rsyslog (>= 0.0.0)
  build-essential (2.1.3)
  chef-sugar (2.5.0)
  chef_handler (1.1.6)
  composer (2.0.0)
    php (>= 0.0.0)
    windows (>= 0.0.0)
  database (3.1.0)
    mysql2_chef_gem (~> 1.0)
    postgresql (>= 1.0.0)
  dmg (2.2.2)
  ecomdev_common (0.1.0)
    chef-sugar (>= 0.0.0)
  git (4.1.0)
    build-essential (>= 0.0.0)
    dmg (>= 0.0.0)
    runit (>= 1.0)
    windows (>= 0.0.0)
    yum (~> 3.0)
    yum-epel (>= 0.0.0)
  iis (4.1.0)
    windows (>= 1.34.6)
  logrotate (1.9.0)
  magento (0.1.20)
    composer (>= 0.0.0)
    database (= 3.1.0)
    ecomdev_common (>= 0.0.0)
    logrotate (>= 0.0.0)
    mysql (= 5.6.1)
    n98-magerun (>= 0.0.0)
    openssl (>= 0.0.0)
    php_fpm (>= 0.0.0)
    redisio (= 1.7.1)
    vhost (>= 0.0.0)
  magento_varnish (0.1.3)
    ecomdev_common (>= 0.0.0)
    git (>= 0.0.0)
    ohai (~> 2.0)
    openssl (>= 0.0.0)
    varnish (>= 0.0.0)
    yum-epel (>= 0.0.0)
  mariadb (0.2.12)
    apt (>= 0.0.0)
    yum (>= 0.0.0)
    yum-epel (>= 0.0.0)
  mysql (5.6.1)
    yum-mysql-community (>= 0.0.0)
  mysql2_chef_gem (1.0.1)
    build-essential (>= 0.0.0)
    mariadb (>= 0.0.0)
    mysql (>= 0.0.0)
  n98-magerun (0.2.2)
    php (>= 0.0.0)
  nginx (2.7.4)
    apt (~> 2.2)
    bluepill (~> 2.3)
    build-essential (~> 2.0)
    ohai (~> 2.0)
    runit (~> 1.2)
    yum-epel (~> 0.3)
  ohai (2.0.1)
  openssl (4.0.0)
    chef-sugar (>= 0.0.0)
  php (1.5.0)
    build-essential (>= 0.0.0)
    iis (>= 0.0.0)
    mysql (>= 0.0.0)
    windows (>= 0.0.0)
    xml (>= 0.0.0)
    yum-epel (>= 0.0.0)
  php_fpm (0.1.12)
    apt (>= 0.0.0)
    ecomdev_common (>= 0.0.0)
    php (>= 0.0.0)
  postgresql (3.4.18)
    apt (>= 1.9.0)
    build-essential (>= 0.0.0)
    openssl (~> 4.0.0)
  redisio (1.7.1)
    ulimit (>= 0.1.2)
  rsyslog (1.15.0)
  runit (1.5.16)
    build-essential (>= 0.0.0)
    yum (~> 3.0)
    yum-epel (>= 0.0.0)
  selinux (0.9.0)
  ulimit (0.3.3)
  varnish (2.0.0)
    apt (~> 2.4)
    build-essential (>= 0.0.0)
    yum (~> 3.0)
    yum-epel (>= 0.0.0)
  vhost (0.1.3)
    ecomdev_common (>= 0.0.0)
    nginx (>= 0.0.0)
  windows (1.36.6)
    chef_handler (>= 0.0.0)
  xml (1.2.13)
    build-essential (>= 0.0.0)
    chef-sugar (>= 0.0.0)
  yum (3.5.3)
  yum-epel (0.6.0)
    yum (~> 3.0)
  yum-mysql-community (0.1.13)
    yum (>= 3.0)
